
Microsoft Visual Studio Solution File, Format Version 12.00
# Visual Studio Version 16
VisualStudioVersion = 16.0.29215.179
MinimumVisualStudioVersion = 10.0.40219.1
Project("{FAE04EC0-301F-11D3-BF4B-00C04F79EFBC}") = "Asp.netCoreMVCCRUD", "Asp.netCoreMVCCRUD\Asp.netCoreMVCCRUD.csproj", "{830FE4F6-0C1F-45DF-8991-A670B4E1644F}"
EndProject
Global
	GlobalSection(SolutionConfigurationPlatforms) = preSolution
		Debug|Any CPU = Debug|Any CPU
		Release|Any CPU = Release|Any CPU
	EndGlobalSection
	GlobalSection(ProjectConfigurationPlatforms) = postSolution
		{830FE4F6-0C1F-45DF-8991-A670B4E1644F}.Debug|Any CPU.ActiveCfg = Debug|Any CPU
		{830FE4F6-0C1F-45DF-8991-A670B4E1644F}.Debug|Any CPU.Build.0 = Debug|Any CPU
		{830FE4F6-0C1F-45DF-8991-A670B4E1644F}.Release|Any CPU.ActiveCfg = Release|Any CPU
		{830FE4F6-0C1F-45DF-8991-A670B4E1644F}.Release|Any CPU.Build.0 = Release|Any CPU
	EndGlobalSection
	GlobalSection(SolutionProperties) = preSolution
		HideSolutionNode = FALSE
	EndGlobalSection
	GlobalSection(ExtensibilityGlobals) = postSolution
		SolutionGuid = {5BE1FE1B-A2F8-4649-87C1-AACF6CF277B8}
	EndGlobalSection
EndGlobal
